
Microsoft Visual Studio Solution File, Format Version 12.00
# Visual Studio Version 17
VisualStudioVersion = 17.6.33801.468
MinimumVisualStudioVersion = 10.0.40219.1
Project("{FAE04EC0-301F-11D3-BF4B-00C04F79EFBC}") = "Semester 2 - Practical 1 (ONT2030)", "Semester 2 - Practical 1 (ONT2030)\Semester 2 - Practical 1 (ONT2030).csproj", "{B1AF9164-826B-416A-B910-7F5B40FAD180}"
EndProject
Global
	GlobalSection(SolutionConfigurationPlatforms) = preSolution
		Debug|Any CPU = Debug|Any CPU
		Release|Any CPU = Release|Any CPU
	EndGlobalSection
	GlobalSection(ProjectConfigurationPlatforms) = postSolution
		{B1AF9164-826B-416A-B910-7F5B40FAD180}.Debug|Any CPU.ActiveCfg = Debug|Any CPU
		{B1AF9164-826B-416A-B910-7F5B40FAD180}.Debug|Any CPU.Build.0 = Debug|Any CPU
		{B1AF9164-826B-416A-B910-7F5B40FAD180}.Release|Any CPU.ActiveCfg = Release|Any CPU
		{B1AF9164-826B-416A-B910-7F5B40FAD180}.Release|Any CPU.Build.0 = Release|Any CPU
	EndGlobalSection
	GlobalSection(SolutionProperties) = preSolution
		HideSolutionNode = FALSE
	EndGlobalSection
	GlobalSection(ExtensibilityGlobals) = postSolution
		SolutionGuid = {DEE8EF01-913A-4C78-8181-3006145A0A0C}
	EndGlobalSection
EndGlobal
